
Microsoft Visual Studio Solution File, Format Version 12.00
# Visual Studio Version 17
VisualStudioVersion = 17.11.35222.181
MinimumVisualStudioVersion = 10.0.40219.1
Project("{FAE04EC0-301F-11D3-BF4B-00C04F79EFBC}") = "OptimizationMethods", "OptimizationMethods\OptimizationMethods.csproj", "{DEBB35BA-F2B6-4A45-B628-2A8407BEB837}"
EndProject
Global
	GlobalSection(SolutionConfigurationPlatforms) = preSolution
		Debug|Any CPU = Debug|Any CPU
		Release|Any CPU = Release|Any CPU
	EndGlobalSection
	GlobalSection(ProjectConfigurationPlatforms) = postSolution
		{DEBB35BA-F2B6-4A45-B628-2A8407BEB837}.Debug|Any CPU.ActiveCfg = Debug|Any CPU
		{DEBB35BA-F2B6-4A45-B628-2A8407BEB837}.Debug|Any CPU.Build.0 = Debug|Any CPU
		{DEBB35BA-F2B6-4A45-B628-2A8407BEB837}.Release|Any CPU.ActiveCfg = Release|Any CPU
		{DEBB35BA-F2B6-4A45-B628-2A8407BEB837}.Release|Any CPU.Build.0 = Release|Any CPU
	EndGlobalSection
	GlobalSection(SolutionProperties) = preSolution
		HideSolutionNode = FALSE
	EndGlobalSection
	GlobalSection(ExtensibilityGlobals) = postSolution
		SolutionGuid = {FDF6A28E-62A2-4E89-A067-E76F9DCA6D42}
	EndGlobalSection
EndGlobal
